schema: '2.0'
stages:
  preprocessing:
    cmd: python preprocessing.py
    deps:
    - path: dataset/train.csv
      md5: 19a0294a05264bbb6de41098ff4d7fac
      size: 483091
    outs:
    - path: dataset/test_refactor.csv
      md5: f75e6cc756b5917c591b0215b2d6f525
      size: 136785
    - path: dataset/train_refactor.csv
      md5: 93ca822dc89d1e6e5d1ebc4fd373d212
      size: 322604
  trainModel:
    cmd: python train.py
    deps:
    - path: dataset/test_refactor.csv
      md5: f75e6cc756b5917c591b0215b2d6f525
      size: 136785
    - path: dataset/train_refactor.csv
      md5: 93ca822dc89d1e6e5d1ebc4fd373d212
      size: 322604
    outs:
    - path: metrics.json
      md5: c86c9953b837a69643e69f4e171ccf08
      size: 404
