schema: '2.0'
stages:
  preprocessing:
    cmd: python3 src/preprocessing.py
    deps:
    - path: dataset/train.csv
      md5: 19a0294a05264bbb6de41098ff4d7fac
      size: 483091
    outs:
    - path: dataset/test_refactor.csv
      md5: cfab383e206e88aa2cf8c0d9d5a36ecf
      size: 137354
    - path: dataset/train_refactor.csv
      md5: e39ea304c38a9e907bfc414274b72d8a
      size: 322035
  trainModel:
    cmd: python3 src/train.py
    deps:
    - path: dataset/test_refactor.csv
      md5: cfab383e206e88aa2cf8c0d9d5a36ecf
      size: 137354
    - path: dataset/train_refactor.csv
      md5: e39ea304c38a9e907bfc414274b72d8a
      size: 322035
    outs:
    - path: metrics.json
      md5: 2613ae29250cfa2e496d38e12129d018
      size: 404
